// !$*UTF8*$!
{
	archiveVersion = 1;
	classes = {
	};
	objectVersion = 46;
	objects = {

/* Begin PBXBuildFile section */
		8EB665CB1BDDB0C100C9AAD3 /* AppDelegate.swift in Sources */ = {isa = PBXBuildFile; fileRef = 8EB665CA1BDDB0C100C9AAD3 /* AppDelegate.swift */; };
		8EB665D01BDDB0C100C9AAD3 /* Main.storyboard in Resources */ = {isa = PBXBuildFile; fileRef = 8EB665CE1BDDB0C100C9AAD3 /* Main.storyboard */; };
		8EB665D21BDDB0C100C9AAD3 /* Assets.xcassets in Resources */ = {isa = PBXBuildFile; fileRef = 8EB665D11BDDB0C100C9AAD3 /* Assets.xcassets */; };
		8EB665D51BDDB0C100C9AAD3 /* LaunchScreen.storyboard in Resources */ = {isa = PBXBuildFile; fileRef = 8EB665D31BDDB0C100C9AAD3 /* LaunchScreen.storyboard */; };
		8EB665E01BDDB0C100C9AAD3 /* CalendarTests.swift in Sources */ = {isa = PBXBuildFile; fileRef = 8EB665DF1BDDB0C100C9AAD3 /* CalendarTests.swift */; };
		8EB665EB1BDDB0C100C9AAD3 /* CalendarUITests.swift in Sources */ = {isa = PBXBuildFile; fileRef = 8EB665EA1BDDB0C100C9AAD3 /* CalendarUITests.swift */; };
		8EB665F91BDDB1C900C9AAD3 /* weekTableView.swift in Sources */ = {isa = PBXBuildFile; fileRef = 8EB665F81BDDB1C900C9AAD3 /* weekTableView.swift */; settings = {ASSET_TAGS = (); }; };
		8EB665FB1BDDB37000C9AAD3 /* weekTableCell.swift in Sources */ = {isa = PBXBuildFile; fileRef = 8EB665FA1BDDB37000C9AAD3 /* weekTableCell.swift */; settings = {ASSET_TAGS = (); }; };
		8EB665FD1BDDB3CE00C9AAD3 /* day.swift in Sources */ = {isa = PBXBuildFile; fileRef = 8EB665FC1BDDB3CE00C9AAD3 /* day.swift */; settings = {ASSET_TAGS = (); }; };
		8EB665FF1BDDBFBC00C9AAD3 /* event.swift in Sources */ = {isa = PBXBuildFile; fileRef = 8EB665FE1BDDBFBC00C9AAD3 /* event.swift */; settings = {ASSET_TAGS = (); }; };
		8EB666011BDDC7F700C9AAD3 /* dayView.swift in Sources */ = {isa = PBXBuildFile; fileRef = 8EB666001BDDC7F700C9AAD3 /* dayView.swift */; settings = {ASSET_TAGS = (); }; };
		8EB666031BDDC83800C9AAD3 /* dayEventTable.swift in Sources */ = {isa = PBXBuildFile; fileRef = 8EB666021BDDC83800C9AAD3 /* dayEventTable.swift */; settings = {ASSET_TAGS = (); }; };
		8EB666051BDDCF7B00C9AAD3 /* createNewEventViewController.swift in Sources */ = {isa = PBXBuildFile; fileRef = 8EB666041BDDCF7B00C9AAD3 /* createNewEventViewController.swift */; settings = {ASSET_TAGS = (); }; };
		8EB666071BDDD74500C9AAD3 /* eventView.swift in Sources */ = {isa = PBXBuildFile; fileRef = 8EB666061BDDD74500C9AAD3 /* eventView.swift */; settings = {ASSET_TAGS = (); }; };
		8EB666091BDDD9D900C9AAD3 /* eventCell.swift in Sources */ = {isa = PBXBuildFile; fileRef = 8EB666081BDDD9D900C9AAD3 /* eventCell.swift */; settings = {ASSET_TAGS = (); }; };
/* End PBXBuildFile section */

/* Begin PBXContainerItemProxy section */
		8EB665DC1BDDB0C100C9AAD3 /* PBXContainerItemProxy */ = {
			isa = PBXContainerItemProxy;
			containerPortal = 8EB665BF1BDDB0C000C9AAD3 /* Project object */;
			proxyType = 1;
			remoteGlobalIDString = 8EB665C61BDDB0C000C9AAD3;
			remoteInfo = Calendar;
		};
		8EB665E71BDDB0C100C9AAD3 /* PBXContainerItemProxy */ = {
			isa = PBXContainerItemProxy;
			containerPortal = 8EB665BF1BDDB0C000C9AAD3 /* Project object */;
			proxyType = 1;
			remoteGlobalIDString = 8EB665C61BDDB0C000C9AAD3;
			remoteInfo = Calendar;
		};
/* End PBXContainerItemProxy section */

/* Begin PBXFileReference section */
		8EB665C71BDDB0C100C9AAD3 /* Calendar.app */ = {isa = PBXFileReference; explicitFileType = wrapper.application; includeInIndex = 0; path = Calendar.app; sourceTree = BUILT_PRODUCTS_DIR; };
		8EB665CA1BDDB0C100C9AAD3 /* AppDelegate.swift */ = {isa = PBXFileReference; lastKnownFileType = sourcecode.swift; path = AppDelegate.swift; sourceTree = "<group>"; };
		8EB665CF1BDDB0C100C9AAD3 /* Base */ = {isa = PBXFileReference; lastKnownFileType = file.storyboard; name = Base; path = Base.lproj/Main.storyboard; sourceTree = "<group>"; };
		8EB665D11BDDB0C100C9AAD3 /* Assets.xcassets */ = {isa = PBXFileReference; lastKnownFileType = folder.assetcatalog; path = Assets.xcassets; sourceTree = "<group>"; };
		8EB665D41BDDB0C100C9AAD3 /* Base */ = {isa = PBXFileReference; lastKnownFileType = file.storyboard; name = Base; path = Base.lproj/LaunchScreen.storyboard; sourceTree = "<group>"; };
		8EB665D61BDDB0C100C9AAD3 /* Info.plist */ = {isa = PBXFileReference; lastKnownFileType = text.plist.xml; path = Info.plist; sourceTree = "<group>"; };
		8EB665DB1BDDB0C100C9AAD3 /* CalendarTests.xctest */ = {isa = PBXFileReference; explicitFileType = wrapper.cfbundle; includeInIndex = 0; path = CalendarTests.xctest; sourceTree = BUILT_PRODUCTS_DIR; };
		8EB665DF1BDDB0C100C9AAD3 /* CalendarTests.swift */ = {isa = PBXFileReference; lastKnownFileType = sourcecode.swift; path = CalendarTests.swift; sourceTree = "<group>"; };
		8EB665E11BDDB0C100C9AAD3 /* Info.plist */ = {isa = PBXFileReference; lastKnownFileType = text.plist.xml; path = Info.plist; sourceTree = "<group>"; };
		8EB665E61BDDB0C100C9AAD3 /* CalendarUITests.xctest */ = {isa = PBXFileReference; explicitFileType = wrapper.cfbundle; includeInIndex = 0; path = CalendarUITests.xctest; sourceTree = BUILT_PRODUCTS_DIR; };
		8EB665EA1BDDB0C100C9AAD3 /* CalendarUITests.swift */ = {isa = PBXFileReference; lastKnownFileType = sourcecode.swift; path = CalendarUITests.swift; sourceTree = "<group>"; };
		8EB665EC1BDDB0C100C9AAD3 /* Info.plist */ = {isa = PBXFileReference; lastKnownFileType = text.plist.xml; path = Info.plist; sourceTree = "<group>"; };
		8EB665F81BDDB1C900C9AAD3 /* weekTableView.swift */ = {isa = PBXFileReference; fileEncoding = 4; lastKnownFileType = sourcecode.swift; path = weekTableView.swift; sourceTree = "<group>"; };
		8EB665FA1BDDB37000C9AAD3 /* weekTableCell.swift */ = {isa = PBXFileReference; fileEncoding = 4; lastKnownFileType = sourcecode.swift; path = weekTableCell.swift; sourceTree = "<group>"; };
		8EB665FC1BDDB3CE00C9AAD3 /* day.swift */ = {isa = PBXFileReference; fileEncoding = 4; lastKnownFileType = sourcecode.swift; path = day.swift; sourceTree = "<group>"; };
		8EB665FE1BDDBFBC00C9AAD3 /* event.swift */ = {isa = PBXFileReference; fileEncoding = 4; lastKnownFileType = sourcecode.swift; path = event.swift; sourceTree = "<group>"; };
		8EB666001BDDC7F700C9AAD3 /* dayView.swift */ = {isa = PBXFileReference; fileEncoding = 4; lastKnownFileType = sourcecode.swift; path = dayView.swift; sourceTree = "<group>"; };
		8EB666021BDDC83800C9AAD3 /* dayEventTable.swift */ = {isa = PBXFileReference; fileEncoding = 4; lastKnownFileType = sourcecode.swift; path = dayEventTable.swift; sourceTree = "<group>"; };
		8EB666041BDDCF7B00C9AAD3 /* createNewEventViewController.swift */ = {isa = PBXFileReference; fileEncoding = 4; lastKnownFileType = sourcecode.swift; path = createNewEventViewController.swift; sourceTree = "<group>"; };
		8EB666061BDDD74500C9AAD3 /* eventView.swift */ = {isa = PBXFileReference; fileEncoding = 4; lastKnownFileType = sourcecode.swift; path = eventView.swift; sourceTree = "<group>"; };
		8EB666081BDDD9D900C9AAD3 /* eventCell.swift */ = {isa = PBXFileReference; fileEncoding = 4; lastKnownFileType = sourcecode.swift; path = eventCell.swift; sourceTree = "<group>"; };
/* End PBXFileReference section */

/* Begin PBXFrameworksBuildPhase section */
		8EB665C41BDDB0C000C9AAD3 /* Frameworks */ = {
			isa = PBXFrameworksBuildPhase;
			buildActionMask = 2147483647;
			files = (
			);
			runOnlyForDeploymentPostprocessing = 0;
		};
		8EB665D81BDDB0C100C9AAD3 /* Frameworks */ = {
			isa = PBXFrameworksBuildPhase;
			buildActionMask = 2147483647;
			files = (
			);
			runOnlyForDeploymentPostprocessing = 0;
		};
		8EB665E31BDDB0C100C9AAD3 /* Frameworks */ = {
			isa = PBXFrameworksBuildPhase;
			buildActionMask = 2147483647;
			files = (
			);
			runOnlyForDeploymentPostprocessing = 0;
		};
/* End PBXFrameworksBuildPhase section */

/* Begin PBXGroup section */
		8EB665BE1BDDB0C000C9AAD3 = {
			isa = PBXGroup;
			children = (
				8EB665C91BDDB0C100C9AAD3 /* Calendar */,
				8EB665DE1BDDB0C100C9AAD3 /* CalendarTests */,
				8EB665E91BDDB0C100C9AAD3 /* CalendarUITests */,
				8EB665C81BDDB0C100C9AAD3 /* Products */,
			);
			sourceTree = "<group>";
		};
		8EB665C81BDDB0C100C9AAD3 /* Products */ = {
			isa = PBXGroup;
			children = (
				8EB665C71BDDB0C100C9AAD3 /* Calendar.app */,
				8EB665DB1BDDB0C100C9AAD3 /* CalendarTests.xctest */,
				8EB665E61BDDB0C100C9AAD3 /* CalendarUITests.xctest */,
			);
			name = Products;
			sourceTree = "<group>";
		};
		8EB665C91BDDB0C100C9AAD3 /* Calendar */ = {
			isa = PBXGroup;
			children = (
				8EB665CA1BDDB0C100C9AAD3 /* AppDelegate.swift */,
				8EB665CE1BDDB0C100C9AAD3 /* Main.storyboard */,
				8EB666081BDDD9D900C9AAD3 /* eventCell.swift */,
				8EB666061BDDD74500C9AAD3 /* eventView.swift */,
				8EB666041BDDCF7B00C9AAD3 /* createNewEventViewController.swift */,
				8EB666021BDDC83800C9AAD3 /* dayEventTable.swift */,
				8EB666001BDDC7F700C9AAD3 /* dayView.swift */,
				8EB665FA1BDDB37000C9AAD3 /* weekTableCell.swift */,
				8EB665FC1BDDB3CE00C9AAD3 /* day.swift */,
				8EB665FE1BDDBFBC00C9AAD3 /* event.swift */,
				8EB665F81BDDB1C900C9AAD3 /* weekTableView.swift */,
				8EB665D11BDDB0C100C9AAD3 /* Assets.xcassets */,
				8EB665D31BDDB0C100C9AAD3 /* LaunchScreen.storyboard */,
				8EB665D61BDDB0C100C9AAD3 /* Info.plist */,
			);
			path = Calendar;
			sourceTree = "<group>";
		};
		8EB665DE1BDDB0C100C9AAD3 /* CalendarTests */ = {
			isa = PBXGroup;
			children = (
				8EB665DF1BDDB0C100C9AAD3 /* CalendarTests.swift */,
				8EB665E11BDDB0C100C9AAD3 /* Info.plist */,
			);
			path = CalendarTests;
			sourceTree = "<group>";
		};
		8EB665E91BDDB0C100C9AAD3 /* CalendarUITests */ = {
			isa = PBXGroup;
			children = (
				8EB665EA1BDDB0C100C9AAD3 /* CalendarUITests.swift */,
				8EB665EC1BDDB0C100C9AAD3 /* Info.plist */,
			);
			path = CalendarUITests;
			sourceTree = "<group>";
		};
/* End PBXGroup section */

/* Begin PBXNativeTarget section */
		8EB665C61BDDB0C000C9AAD3 /* Calendar */ = {
			isa = PBXNativeTarget;
			buildConfigurationList = 8EB665EF1BDDB0C100C9AAD3 /* Build configuration list for PBXNativeTarget "Calendar" */;
			buildPhases = (
				8EB665C31BDDB0C000C9AAD3 /* Sources */,
				8EB665C41BDDB0C000C9AAD3 /* Frameworks */,
				8EB665C51BDDB0C000C9AAD3 /* Resources */,
			);
			buildRules = (
			);
			dependencies = (
			);
			name = Calendar;
			productName = Calendar;
			productReference = 8EB665C71BDDB0C100C9AAD3 /* Calendar.app */;
			productType = "com.apple.product-type.application";
		};
		8EB665DA1BDDB0C100C9AAD3 /* CalendarTests */ = {
			isa = PBXNativeTarget;
			buildConfigurationList = 8EB665F21BDDB0C100C9AAD3 /* Build configuration list for PBXNativeTarget "CalendarTests" */;
			buildPhases = (
				8EB665D71BDDB0C100C9AAD3 /* Sources */,
				8EB665D81BDDB0C100C9AAD3 /* Frameworks */,
				8EB665D91BDDB0C100C9AAD3 /* Resources */,
			);
			buildRules = (
			);
			dependencies = (
				8EB665DD1BDDB0C100C9AAD3 /* PBXTargetDependency */,
			);
			name = CalendarTests;
			productName = CalendarTests;
			productReference = 8EB665DB1BDDB0C100C9AAD3 /* CalendarTests.xctest */;
			productType = "com.apple.product-type.bundle.unit-test";
		};
		8EB665E51BDDB0C100C9AAD3 /* CalendarUITests */ = {
			isa = PBXNativeTarget;
			buildConfigurationList = 8EB665F51BDDB0C100C9AAD3 /* Build configuration list for PBXNativeTarget "CalendarUITests" */;
			buildPhases = (
				8EB665E21BDDB0C100C9AAD3 /* Sources */,
				8EB665E31BDDB0C100C9AAD3 /* Frameworks */,
				8EB665E41BDDB0C100C9AAD3 /* Resources */,
			);
			buildRules = (
			);
			dependencies = (
				8EB665E81BDDB0C100C9AAD3 /* PBXTargetDependency */,
			);
			name = CalendarUITests;
			productName = CalendarUITests;
			productReference = 8EB665E61BDDB0C100C9AAD3 /* CalendarUITests.xctest */;
			productType = "com.apple.product-type.bundle.ui-testing";
		};
/* End PBXNativeTarget section */

/* Begin PBXProject section */
		8EB665BF1BDDB0C000C9AAD3 /* Project object */ = {
			isa = PBXProject;
			attributes = {
				LastUpgradeCheck = 0700;
				ORGANIZATIONNAME = "Austin Cary";
				TargetAttributes = {
					8EB665C61BDDB0C000C9AAD3 = {
						CreatedOnToolsVersion = 7.0.1;
					};
					8EB665DA1BDDB0C100C9AAD3 = {
						CreatedOnToolsVersion = 7.0.1;
						TestTargetID = 8EB665C61BDDB0C000C9AAD3;
					};
					8EB665E51BDDB0C100C9AAD3 = {
						CreatedOnToolsVersion = 7.0.1;
						TestTargetID = 8EB665C61BDDB0C000C9AAD3;
					};
				};
			};
			buildConfigurationList = 8EB665C21BDDB0C000C9AAD3 /* Build configuration list for PBXProject "Calendar" */;
			compatibilityVersion = "Xcode 3.2";
			developmentRegion = English;
			hasScannedForEncodings = 0;
			knownRegions = (
				en,
				Base,
			);
			mainGroup = 8EB665BE1BDDB0C000C9AAD3;
			productRefGroup = 8EB665C81BDDB0C100C9AAD3 /* Products */;
			projectDirPath = "";
			projectRoot = "";
			targets = (
				8EB665C61BDDB0C000C9AAD3 /* Calendar */,
				8EB665DA1BDDB0C100C9AAD3 /* CalendarTests */,
				8EB665E51BDDB0C100C9AAD3 /* CalendarUITests */,
			);
		};
/* End PBXProject section */

/* Begin PBXResourcesBuildPhase section */
		8EB665C51BDDB0C000C9AAD3 /* Resources */ = {
			isa = PBXResourcesBuildPhase;
			buildActionMask = 2147483647;
			files = (
				8EB665D51BDDB0C100C9AAD3 /* LaunchScreen.storyboard in Resources */,
				8EB665D21BDDB0C100C9AAD3 /* Assets.xcassets in Resources */,
				8EB665D01BDDB0C100C9AAD3 /* Main.storyboard in Resources */,
			);
			runOnlyForDeploymentPostprocessing = 0;
		};
		8EB665D91BDDB0C100C9AAD3 /* Resources */ = {
			isa = PBXResourcesBuildPhase;
			buildActionMask = 2147483647;
			files = (
			);
			runOnlyForDeploymentPostprocessing = 0;
		};
		8EB665E41BDDB0C100C9AAD3 /* Resources */ = {
			isa = PBXResourcesBuildPhase;
			buildActionMask = 2147483647;
			files = (
			);
			runOnlyForDeploymentPostprocessing = 0;
		};
/* End PBXResourcesBuildPhase section */

/* Begin PBXSourcesBuildPhase section */
		8EB665C31BDDB0C000C9AAD3 /* Sources */ = {
			isa = PBXSourcesBuildPhase;
			buildActionMask = 2147483647;
			files = (
				8EB665FB1BDDB37000C9AAD3 /* weekTableCell.swift in Sources */,
				8EB665CB1BDDB0C100C9AAD3 /* AppDelegate.swift in Sources */,
				8EB665FD1BDDB3CE00C9AAD3 /* day.swift in Sources */,
				8EB665F91BDDB1C900C9AAD3 /* weekTableView.swift in Sources */,
				8EB666071BDDD74500C9AAD3 /* eventView.swift in Sources */,
				8EB666051BDDCF7B00C9AAD3 /* createNewEventViewController.swift in Sources */,
				8EB666091BDDD9D900C9AAD3 /* eventCell.swift in Sources */,
				8EB666031BDDC83800C9AAD3 /* dayEventTable.swift in Sources */,
				8EB665FF1BDDBFBC00C9AAD3 /* event.swift in Sources */,
				8EB666011BDDC7F700C9AAD3 /* dayView.swift in Sources */,
			);
			runOnlyForDeploymentPostprocessing = 0;
		};
		8EB665D71BDDB0C100C9AAD3 /* Sources */ = {
			isa = PBXSourcesBuildPhase;
			buildActionMask = 2147483647;
			files = (
				8EB665E01BDDB0C100C9AAD3 /* CalendarTests.swift in Sources */,
			);
			runOnlyForDeploymentPostprocessing = 0;
		};
		8EB665E21BDDB0C100C9AAD3 /* Sources */ = {
			isa = PBXSourcesBuildPhase;
			buildActionMask = 2147483647;
			files = (
				8EB665EB1BDDB0C100C9AAD3 /* CalendarUITests.swift in Sources */,
			);
			runOnlyForDeploymentPostprocessing = 0;
		};
/* End PBXSourcesBuildPhase section */

/* Begin PBXTargetDependency section */
		8EB665DD1BDDB0C100C9AAD3 /* PBXTargetDependency */ = {
			isa = PBXTargetDependency;
			target = 8EB665C61BDDB0C000C9AAD3 /* Calendar */;
			targetProxy = 8EB665DC1BDDB0C100C9AAD3 /* PBXContainerItemProxy */;
		};
		8EB665E81BDDB0C100C9AAD3 /* PBXTargetDependency */ = {
			isa = PBXTargetDependency;
			target = 8EB665C61BDDB0C000C9AAD3 /* Calendar */;
			targetProxy = 8EB665E71BDDB0C100C9AAD3 /* PBXContainerItemProxy */;
		};
/* End PBXTargetDependency section */

/* Begin PBXVariantGroup section */
		8EB665CE1BDDB0C100C9AAD3 /* Main.storyboard */ = {
			isa = PBXVariantGroup;
			children = (
				8EB665CF1BDDB0C100C9AAD3 /* Base */,
			);
			name = Main.storyboard;
			sourceTree = "<group>";
		};
		8EB665D31BDDB0C100C9AAD3 /* LaunchScreen.storyboard */ = {
			isa = PBXVariantGroup;
			children = (
				8EB665D41BDDB0C100C9AAD3 /* Base */,
			);
			name = LaunchScreen.storyboard;
			sourceTree = "<group>";
		};
/* End PBXVariantGroup section */

/* Begin XCBuildConfiguration section */
		8EB665ED1BDDB0C100C9AAD3 /* Debug */ = {
			isa = XCBuildConfiguration;
			buildSettings = {
				ALWAYS_SEARCH_USER_PATHS = NO;
				CLANG_CXX_LANGUAGE_STANDARD = "gnu++0x";
				CLANG_CXX_LIBRARY = "libc++";
				CLANG_ENABLE_MODULES = YES;
				CLANG_ENABLE_OBJC_ARC = YES;
				CLANG_WARN_BOOL_CONVERSION = YES;
				CLANG_WARN_CONSTANT_CONVERSION = YES;
				CLANG_WARN_DIRECT_OBJC_ISA_USAGE = YES_ERROR;
				CLANG_WARN_EMPTY_BODY = YES;
				CLANG_WARN_ENUM_CONVERSION = YES;
				CLANG_WARN_INT_CONVERSION = YES;
				CLANG_WARN_OBJC_ROOT_CLASS = YES_ERROR;
				CLANG_WARN_UNREACHABLE_CODE = YES;
				CLANG_WARN__DUPLICATE_METHOD_MATCH = YES;
				"CODE_SIGN_IDENTITY[sdk=iphoneos*]" = "iPhone Developer";
				COPY_PHASE_STRIP = NO;
				DEBUG_INFORMATION_FORMAT = dwarf;
				ENABLE_STRICT_OBJC_MSGSEND = YES;
				ENABLE_TESTABILITY = YES;
				GCC_C_LANGUAGE_STANDARD = gnu99;
				GCC_DYNAMIC_NO_PIC = NO;
				GCC_NO_COMMON_BLOCKS = YES;
				GCC_OPTIMIZATION_LEVEL = 0;
				GCC_PREPROCESSOR_DEFINITIONS = (
					"DEBUG=1",
					"$(inherited)",
				);
				GCC_WARN_64_TO_32_BIT_CONVERSION = YES;
				GCC_WARN_ABOUT_RETURN_TYPE = YES_ERROR;
				GCC_WARN_UNDECLARED_SELECTOR = YES;
				GCC_WARN_UNINITIALIZED_AUTOS = YES_AGGRESSIVE;
				GCC_WARN_UNUSED_FUNCTION = YES;
				GCC_WARN_UNUSED_VARIABLE = YES;
				IPHONEOS_DEPLOYMENT_TARGET = 9.0;
				MTL_ENABLE_DEBUG_INFO = YES;
				ONLY_ACTIVE_ARCH = YES;
				SDKROOT = iphoneos;
				SWIFT_OPTIMIZATION_LEVEL = "-Onone";
			};
			name = Debug;
		};
		8EB665EE1BDDB0C100C9AAD3 /* Release */ = {
			isa = XCBuildConfiguration;
			buildSettings = {
				ALWAYS_SEARCH_USER_PATHS = NO;
				CLANG_CXX_LANGUAGE_STANDARD = "gnu++0x";
				CLANG_CXX_LIBRARY = "libc++";
				CLANG_ENABLE_MODULES = YES;
				CLANG_ENABLE_OBJC_ARC = YES;
				CLANG_WARN_BOOL_CONVERSION = YES;
				CLANG_WARN_CONSTANT_CONVERSION = YES;
				CLANG_WARN_DIRECT_OBJC_ISA_USAGE = YES_ERROR;
				CLANG_WARN_EMPTY_BODY = YES;
				CLANG_WARN_ENUM_CONVERSION = YES;
				CLANG_WARN_INT_CONVERSION = YES;
				CLANG_WARN_OBJC_ROOT_CLASS = YES_ERROR;
				CLANG_WARN_UNREACHABLE_CODE = YES;
				CLANG_WARN__DUPLICATE_METHOD_MATCH = YES;
				"CODE_SIGN_IDENTITY[sdk=iphoneos*]" = "iPhone Developer";
				COPY_PHASE_STRIP = NO;
				DEBUG_INFORMATION_FORMAT = "dwarf-with-dsym";
				ENABLE_NS_ASSERTIONS = NO;
				ENABLE_STRICT_OBJC_MSGSEND = YES;
				GCC_C_LANGUAGE_STANDARD = gnu99;
				GCC_NO_COMMON_BLOCKS = YES;
				GCC_WARN_64_TO_32_BIT_CONVERSION = YES;
				GCC_WARN_ABOUT_RETURN_TYPE = YES_ERROR;
				GCC_WARN_UNDECLARED_SELECTOR = YES;
				GCC_WARN_UNINITIALIZED_AUTOS = YES_AGGRESSIVE;
				GCC_WARN_UNUSED_FUNCTION = YES;
				GCC_WARN_UNUSED_VARIABLE = YES;
				IPHONEOS_DEPLOYMENT_TARGET = 9.0;
				MTL_ENABLE_DEBUG_INFO = NO;
				SDKROOT = iphoneos;
				VALIDATE_PRODUCT = YES;
			};
			name = Release;
		};
		8EB665F01BDDB0C100C9AAD3 /* Debug */ = {
			isa = XCBuildConfiguration;
			buildSettings = {
				ASSETCATALOG_COMPILER_APPICON_NAME = AppIcon;
				INFOPLIST_FILE = Calendar/Info.plist;
				LD_RUNPATH_SEARCH_PATHS = "$(inherited) @executable_path/Frameworks";
				PRODUCT_BUNDLE_IDENTIFIER = AC.Calendar;
				PRODUCT_NAME = "$(TARGET_NAME)";
			};
			name = Debug;
		};
		8EB665F11BDDB0C100C9AAD3 /* Release */ = {
			isa = XCBuildConfiguration;
			buildSettings = {
				ASSETCATALOG_COMPILER_APPICON_NAME = AppIcon;
				INFOPLIST_FILE = Calendar/Info.plist;
				LD_RUNPATH_SEARCH_PATHS = "$(inherited) @executable_path/Frameworks";
				PRODUCT_BUNDLE_IDENTIFIER = AC.Calendar;
				PRODUCT_NAME = "$(TARGET_NAME)";
			};
			name = Release;
		};
		8EB665F31BDDB0C100C9AAD3 /* Debug */ = {
			isa = XCBuildConfiguration;
			buildSettings = {
				BUNDLE_LOADER = "$(TEST_HOST)";
				INFOPLIST_FILE = CalendarTests/Info.plist;
				LD_RUNPATH_SEARCH_PATHS = "$(inherited) @executable_path/Frameworks @loader_path/Frameworks";
				PRODUCT_BUNDLE_IDENTIFIER = AC.CalendarTests;
				PRODUCT_NAME = "$(TARGET_NAME)";
				TEST_HOST = "$(BUILT_PRODUCTS_DIR)/Calendar.app/Calendar";
			};
			name = Debug;
		};
		8EB665F41BDDB0C100C9AAD3 /* Release */ = {
			isa = XCBuildConfiguration;
			buildSettings = {
				BUNDLE_LOADER = "$(TEST_HOST)";
				INFOPLIST_FILE = CalendarTests/Info.plist;
				LD_RUNPATH_SEARCH_PATHS = "$(inherited) @executable_path/Frameworks @loader_path/Frameworks";
				PRODUCT_BUNDLE_IDENTIFIER = AC.CalendarTests;
				PRODUCT_NAME = "$(TARGET_NAME)";
				TEST_HOST = "$(BUILT_PRODUCTS_DIR)/Calendar.app/Calendar";
			};
			name = Release;
		};
		8EB665F61BDDB0C100C9AAD3 /* Debug */ = {
			isa = XCBuildConfiguration;
			buildSettings = {
				INFOPLIST_FILE = CalendarUITests/Info.plist;
				LD_RUNPATH_SEARCH_PATHS = "$(inherited) @executable_path/Frameworks @loader_path/Frameworks";
				PRODUCT_BUNDLE_IDENTIFIER = AC.CalendarUITests;
				PRODUCT_NAME = "$(TARGET_NAME)";
				TEST_TARGET_NAME = Calendar;
				USES_XCTRUNNER = YES;
			};
			name = Debug;
		};
		8EB665F71BDDB0C100C9AAD3 /* Release */ = {
			isa = XCBuildConfiguration;
			buildSettings = {
				INFOPLIST_FILE = CalendarUITests/Info.plist;
				LD_RUNPATH_SEARCH_PATHS = "$(inherited) @executable_path/Frameworks @loader_path/Frameworks";
				PRODUCT_BUNDLE_IDENTIFIER = AC.CalendarUITests;
				PRODUCT_NAME = "$(TARGET_NAME)";
				TEST_TARGET_NAME = Calendar;
				USES_XCTRUNNER = YES;
			};
			name = Release;
		};
/* End XCBuildConfiguration section */

/* Begin XCConfigurationList section */
		8EB665C21BDDB0C000C9AAD3 /* Build configuration list for PBXProject "Calendar" */ = {
			isa = XCConfigurationList;
			buildConfigurations = (
				8EB665ED1BDDB0C100C9AAD3 /* Debug */,
				8EB665EE1BDDB0C100C9AAD3 /* Release */,
			);
			defaultConfigurationIsVisible = 0;
			defaultConfigurationName = Release;
		};
		8EB665EF1BDDB0C100C9AAD3 /* Build configuration list for PBXNativeTarget "Calendar" */ = {
			isa = XCConfigurationList;
			buildConfigurations = (
				8EB665F01BDDB0C100C9AAD3 /* Debug */,
				8EB665F11BDDB0C100C9AAD3 /* Release */,
			);
			defaultConfigurationIsVisible = 0;
		};
		8EB665F21BDDB0C100C9AAD3 /* Build configuration list for PBXNativeTarget "CalendarTests" */ = {
			isa = XCConfigurationList;
			buildConfigurations = (
				8EB665F31BDDB0C100C9AAD3 /* Debug */,
				8EB665F41BDDB0C100C9AAD3 /* Release */,
			);
			defaultConfigurationIsVisible = 0;
		};
		8EB665F51BDDB0C100C9AAD3 /* Build configuration list for PBXNativeTarget "CalendarUITests" */ = {
			isa = XCConfigurationList;
			buildConfigurations = (
				8EB665F61BDDB0C100C9AAD3 /* Debug */,
				8EB665F71BDDB0C100C9AAD3 /* Release */,
			);
			defaultConfigurationIsVisible = 0;
		};
/* End XCConfigurationList section */
	};
	rootObject = 8EB665BF1BDDB0C000C9AAD3 /* Project object */;
}
